
Microsoft Visual Studio Solution File, Format Version 12.00
# Visual Studio Version 16
VisualStudioVersion = 16.0.31702.278
MinimumVisualStudioVersion = 10.0.40219.1
Project("{FAE04EC0-301F-11D3-BF4B-00C04F79EFBC}") = "Weekly Assignment 4 Q1", "Weekly Assignment 4 Q1\Weekly Assignment 4 Q1.csproj", "{DC369BD4-DB1E-4853-B9AD-A28E7A25ECB5}"
EndProject
Global
	GlobalSection(SolutionConfigurationPlatforms) = preSolution
		Debug|Any CPU = Debug|Any CPU
		Release|Any CPU = Release|Any CPU
	EndGlobalSection
	GlobalSection(ProjectConfigurationPlatforms) = postSolution
		{DC369BD4-DB1E-4853-B9AD-A28E7A25ECB5}.Debug|Any CPU.ActiveCfg = Debug|Any CPU
		{DC369BD4-DB1E-4853-B9AD-A28E7A25ECB5}.Debug|Any CPU.Build.0 = Debug|Any CPU
		{DC369BD4-DB1E-4853-B9AD-A28E7A25ECB5}.Release|Any CPU.ActiveCfg = Release|Any CPU
		{DC369BD4-DB1E-4853-B9AD-A28E7A25ECB5}.Release|Any CPU.Build.0 = Release|Any CPU
	EndGlobalSection
	GlobalSection(SolutionProperties) = preSolution
		HideSolutionNode = FALSE
	EndGlobalSection
	GlobalSection(ExtensibilityGlobals) = postSolution
		SolutionGuid = {56FEC838-5113-40D3-AD31-531CDED8D266}
	EndGlobalSection
EndGlobal
